Microsoft Visual Studio Solution File, Format Version 11.00
# Visual Studio 2008

Project("{7D002CE3-F407-F151-6701-F3AEFCE3C00C}") = "SIGGD-Game-Jam-2016", "Assembly-CSharp.csproj", "{31C16113-5875-9D0B-B464-FB79B4712F80}"
EndProject
Project("{7D002CE3-F407-F151-6701-F3AEFCE3C00C}") = "SIGGD-Game-Jam-2016", "Assembly-CSharp-Editor.csproj", "{0FEAE88A-E15E-DA53-872A-6E9E090B3562}"
EndProject
Global
	GlobalSection(SolutionConfigurationPlatforms) = preSolution
		Debug|Any CPU = Debug|Any CPU
		Release|Any CPU = Release|Any CPU
	EndGlobalSection
	GlobalSection(ProjectConfigurationPlatforms) = postSolution
		{31C16113-5875-9D0B-B464-FB79B4712F80}.Debug|Any CPU.ActiveCfg = Debug|Any CPU
		{31C16113-5875-9D0B-B464-FB79B4712F80}.Debug|Any CPU.Build.0 = Debug|Any CPU
		{31C16113-5875-9D0B-B464-FB79B4712F80}.Release|Any CPU.ActiveCfg = Release|Any CPU
		{31C16113-5875-9D0B-B464-FB79B4712F80}.Release|Any CPU.Build.0 = Release|Any CPU
		{0FEAE88A-E15E-DA53-872A-6E9E090B3562}.Debug|Any CPU.ActiveCfg = Debug|Any CPU
		{0FEAE88A-E15E-DA53-872A-6E9E090B3562}.Debug|Any CPU.Build.0 = Debug|Any CPU
		{0FEAE88A-E15E-DA53-872A-6E9E090B3562}.Release|Any CPU.ActiveCfg = Release|Any CPU
		{0FEAE88A-E15E-DA53-872A-6E9E090B3562}.Release|Any CPU.Build.0 = Release|Any CPU
	EndGlobalSection
	GlobalSection(SolutionProperties) = preSolution
		HideSolutionNode = FALSE
	EndGlobalSection
	GlobalSection(MonoDevelopProperties) = preSolution
		StartupItem = Assembly-CSharp.csproj
	EndGlobalSection
EndGlobal
